// !$*UTF8*$!
{
	archiveVersion = 1;
	classes = {
	};
	objectVersion = 56;
	objects = {

/* Begin PBXBuildFile section */
		8615E3EE29D134520083E7D6 /* AppDelegate.swift in Sources */ = {isa = PBXBuildFile; fileRef = 8615E3ED29D134520083E7D6 /* AppDelegate.swift */; };
		8615E3F029D134520083E7D6 /* SceneDelegate.swift in Sources */ = {isa = PBXBuildFile; fileRef = 8615E3EF29D134520083E7D6 /* SceneDelegate.swift */; };
		8615E3F229D134520083E7D6 /* ViewController.swift in Sources */ = {isa = PBXBuildFile; fileRef = 8615E3F129D134520083E7D6 /* ViewController.swift */; };
		8615E3F529D134520083E7D6 /* Main.storyboard in Resources */ = {isa = PBXBuildFile; fileRef = 8615E3F329D134520083E7D6 /* Main.storyboard */; };
		8615E3F729D134540083E7D6 /* Assets.xcassets in Resources */ = {isa = PBXBuildFile; fileRef = 8615E3F629D134540083E7D6 /* Assets.xcassets */; };
		8615E3FA29D134540083E7D6 /* LaunchScreen.storyboard in Resources */ = {isa = PBXBuildFile; fileRef = 8615E3F829D134540083E7D6 /* LaunchScreen.storyboard */; };
		8615E40529D134C30083E7D6 /* computer.jpeg in Resources */ = {isa = PBXBuildFile; fileRef = 8615E40129D134C20083E7D6 /* computer.jpeg */; };
		8615E40629D134C30083E7D6 /* cat.jpeg in Resources */ = {isa = PBXBuildFile; fileRef = 8615E40229D134C20083E7D6 /* cat.jpeg */; };
		8615E40729D134C30083E7D6 /* bird.jpeg in Resources */ = {isa = PBXBuildFile; fileRef = 8615E40329D134C20083E7D6 /* bird.jpeg */; };
		8615E40829D134C30083E7D6 /* dog.jpg in Resources */ = {isa = PBXBuildFile; fileRef = 8615E40429D134C20083E7D6 /* dog.jpg */; };
		8615E40B29D135100083E7D6 /* MobileNetV2.mlmodel in Sources */ = {isa = PBXBuildFile; fileRef = 8615E40929D135100083E7D6 /* MobileNetV2.mlmodel */; };
		8615E40C29D135100083E7D6 /* SqueezeNet.mlmodel in Sources */ = {isa = PBXBuildFile; fileRef = 8615E40A29D135100083E7D6 /* SqueezeNet.mlmodel */; };
/* End PBXBuildFile section */

/* Begin PBXFileReference section */
		8615E3EA29D134520083E7D6 /* ice-8.app */ = {isa = PBXFileReference; explicitFileType = wrapper.application; includeInIndex = 0; path = "ice-8.app"; sourceTree = BUILT_PRODUCTS_DIR; };
		8615E3ED29D134520083E7D6 /* AppDelegate.swift */ = {isa = PBXFileReference; lastKnownFileType = sourcecode.swift; path = AppDelegate.swift; sourceTree = "<group>"; };
		8615E3EF29D134520083E7D6 /* SceneDelegate.swift */ = {isa = PBXFileReference; lastKnownFileType = sourcecode.swift; path = SceneDelegate.swift; sourceTree = "<group>"; };
		8615E3F129D134520083E7D6 /* ViewController.swift */ = {isa = PBXFileReference; lastKnownFileType = sourcecode.swift; path = ViewController.swift; sourceTree = "<group>"; };
		8615E3F429D134520083E7D6 /* Base */ = {isa = PBXFileReference; lastKnownFileType = file.storyboard; name = Base; path = Base.lproj/Main.storyboard; sourceTree = "<group>"; };
		8615E3F629D134540083E7D6 /* Assets.xcassets */ = {isa = PBXFileReference; lastKnownFileType = folder.assetcatalog; path = Assets.xcassets; sourceTree = "<group>"; };
		8615E3F929D134540083E7D6 /* Base */ = {isa = PBXFileReference; lastKnownFileType = file.storyboard; name = Base; path = Base.lproj/LaunchScreen.storyboard; sourceTree = "<group>"; };
		8615E3FB29D134540083E7D6 /* Info.plist */ = {isa = PBXFileReference; lastKnownFileType = text.plist.xml; path = Info.plist; sourceTree = "<group>"; };
		8615E40129D134C20083E7D6 /* computer.jpeg */ = {isa = PBXFileReference; lastKnownFileType = image.jpeg; name = computer.jpeg; path = ../../computer.jpeg; sourceTree = "<group>"; };
		8615E40229D134C20083E7D6 /* cat.jpeg */ = {isa = PBXFileReference; lastKnownFileType = image.jpeg; name = cat.jpeg; path = ../../cat.jpeg; sourceTree = "<group>"; };
		8615E40329D134C20083E7D6 /* bird.jpeg */ = {isa = PBXFileReference; lastKnownFileType = image.jpeg; name = bird.jpeg; path = ../../bird.jpeg; sourceTree = "<group>"; };
		8615E40429D134C20083E7D6 /* dog.jpg */ = {isa = PBXFileReference; lastKnownFileType = image.jpeg; name = dog.jpg; path = ../../dog.jpg; sourceTree = "<group>"; };
		8615E40929D135100083E7D6 /* MobileNetV2.mlmodel */ = {isa = PBXFileReference; lastKnownFileType = file.mlmodel; name = MobileNetV2.mlmodel; path = ../../MobileNetV2.mlmodel; sourceTree = "<group>"; };
		8615E40A29D135100083E7D6 /* SqueezeNet.mlmodel */ = {isa = PBXFileReference; lastKnownFileType = file.mlmodel; name = SqueezeNet.mlmodel; path = ../../SqueezeNet.mlmodel; sourceTree = "<group>"; };
/* End PBXFileReference section */

/* Begin PBXFrameworksBuildPhase section */
		8615E3E729D134520083E7D6 /* Frameworks */ = {
			isa = PBXFrameworksBuildPhase;
			buildActionMask = 2147483647;
			files = (
			);
			runOnlyForDeploymentPostprocessing = 0;
		};
/* End PBXFrameworksBuildPhase section */

/* Begin PBXGroup section */
		8615E3E129D134520083E7D6 = {
			isa = PBXGroup;
			children = (
				8615E3EC29D134520083E7D6 /* ice-8 */,
				8615E3EB29D134520083E7D6 /* Products */,
			);
			sourceTree = "<group>";
		};
		8615E3EB29D134520083E7D6 /* Products */ = {
			isa = PBXGroup;
			children = (
				8615E3EA29D134520083E7D6 /* ice-8.app */,
			);
			name = Products;
			sourceTree = "<group>";
		};
		8615E3EC29D134520083E7D6 /* ice-8 */ = {
			isa = PBXGroup;
			children = (
				8615E3ED29D134520083E7D6 /* AppDelegate.swift */,
				8615E40329D134C20083E7D6 /* bird.jpeg */,
				8615E40929D135100083E7D6 /* MobileNetV2.mlmodel */,
				8615E40A29D135100083E7D6 /* SqueezeNet.mlmodel */,
				8615E40229D134C20083E7D6 /* cat.jpeg */,
				8615E40129D134C20083E7D6 /* computer.jpeg */,
				8615E40429D134C20083E7D6 /* dog.jpg */,
				8615E3EF29D134520083E7D6 /* SceneDelegate.swift */,
				8615E3F129D134520083E7D6 /* ViewController.swift */,
				8615E3F329D134520083E7D6 /* Main.storyboard */,
				8615E3F629D134540083E7D6 /* Assets.xcassets */,
				8615E3F829D134540083E7D6 /* LaunchScreen.storyboard */,
				8615E3FB29D134540083E7D6 /* Info.plist */,
			);
			path = "ice-8";
			sourceTree = "<group>";
		};
/* End PBXGroup section */

/* Begin PBXNativeTarget section */
		8615E3E929D134520083E7D6 /* ice-8 */ = {
			isa = PBXNativeTarget;
			buildConfigurationList = 8615E3FE29D134540083E7D6 /* Build configuration list for PBXNativeTarget "ice-8" */;
			buildPhases = (
				8615E3E629D134520083E7D6 /* Sources */,
				8615E3E729D134520083E7D6 /* Frameworks */,
				8615E3E829D134520083E7D6 /* Resources */,
			);
			buildRules = (
			);
			dependencies = (
			);
			name = "ice-8";
			productName = "ice-8";
			productReference = 8615E3EA29D134520083E7D6 /* ice-8.app */;
			productType = "com.apple.product-type.application";
		};
/* End PBXNativeTarget section */

/* Begin PBXProject section */
		8615E3E229D134520083E7D6 /* Project object */ = {
			isa = PBXProject;
			attributes = {
				BuildIndependentTargetsInParallel = 1;
				LastSwiftUpdateCheck = 1410;
				LastUpgradeCheck = 1410;
				TargetAttributes = {
					8615E3E929D134520083E7D6 = {
						CreatedOnToolsVersion = 14.1;
					};
				};
			};
			buildConfigurationList = 8615E3E529D134520083E7D6 /* Build configuration list for PBXProject "ice-8" */;
			compatibilityVersion = "Xcode 14.0";
			developmentRegion = en;
			hasScannedForEncodings = 0;
			knownRegions = (
				en,
				Base,
			);
			mainGroup = 8615E3E129D134520083E7D6;
			productRefGroup = 8615E3EB29D134520083E7D6 /* Products */;
			projectDirPath = "";
			projectRoot = "";
			targets = (
				8615E3E929D134520083E7D6 /* ice-8 */,
			);
		};
/* End PBXProject section */

/* Begin PBXResourcesBuildPhase section */
		8615E3E829D134520083E7D6 /* Resources */ = {
			isa = PBXResourcesBuildPhase;
			buildActionMask = 2147483647;
			files = (
				8615E40829D134C30083E7D6 /* dog.jpg in Resources */,
				8615E40629D134C30083E7D6 /* cat.jpeg in Resources */,
				8615E40529D134C30083E7D6 /* computer.jpeg in Resources */,
				8615E40729D134C30083E7D6 /* bird.jpeg in Resources */,
				8615E3FA29D134540083E7D6 /* LaunchScreen.storyboard in Resources */,
				8615E3F729D134540083E7D6 /* Assets.xcassets in Resources */,
				8615E3F529D134520083E7D6 /* Main.storyboard in Resources */,
			);
			runOnlyForDeploymentPostprocessing = 0;
		};
/* End PBXResourcesBuildPhase section */

/* Begin PBXSourcesBuildPhase section */
		8615E3E629D134520083E7D6 /* Sources */ = {
			isa = PBXSourcesBuildPhase;
			buildActionMask = 2147483647;
			files = (
				8615E3F229D134520083E7D6 /* ViewController.swift in Sources */,
				8615E3EE29D134520083E7D6 /* AppDelegate.swift in Sources */,
				8615E40C29D135100083E7D6 /* SqueezeNet.mlmodel in Sources */,
				8615E40B29D135100083E7D6 /* MobileNetV2.mlmodel in Sources */,
				8615E3F029D134520083E7D6 /* SceneDelegate.swift in Sources */,
			);
			runOnlyForDeploymentPostprocessing = 0;
		};
/* End PBXSourcesBuildPhase section */

/* Begin PBXVariantGroup section */
		8615E3F329D134520083E7D6 /* Main.storyboard */ = {
			isa = PBXVariantGroup;
			children = (
				8615E3F429D134520083E7D6 /* Base */,
			);
			name = Main.storyboard;
			sourceTree = "<group>";
		};
		8615E3F829D134540083E7D6 /* LaunchScreen.storyboard */ = {
			isa = PBXVariantGroup;
			children = (
				8615E3F929D134540083E7D6 /* Base */,
			);
			name = LaunchScreen.storyboard;
			sourceTree = "<group>";
		};
/* End PBXVariantGroup section */

/* Begin XCBuildConfiguration section */
		8615E3FC29D134540083E7D6 /* Debug */ = {
			isa = XCBuildConfiguration;
			buildSettings = {
				ALWAYS_SEARCH_USER_PATHS = NO;
				CLANG_ANALYZER_NONNULL = YES;
				CLANG_ANALYZER_NUMBER_OBJECT_CONVERSION = YES_AGGRESSIVE;
				CLANG_CXX_LANGUAGE_STANDARD = "gnu++20";
				CLANG_ENABLE_MODULES = YES;
				CLANG_ENABLE_OBJC_ARC = YES;
				CLANG_ENABLE_OBJC_WEAK = YES;
				CLANG_WARN_BLOCK_CAPTURE_AUTORELEASING = YES;
				CLANG_WARN_BOOL_CONVERSION = YES;
				CLANG_WARN_COMMA = YES;
				CLANG_WARN_CONSTANT_CONVERSION = YES;
				CLANG_WARN_DEPRECATED_OBJC_IMPLEMENTATIONS = YES;
				CLANG_WARN_DIRECT_OBJC_ISA_USAGE = YES_ERROR;
				CLANG_WARN_DOCUMENTATION_COMMENTS = YES;
				CLANG_WARN_EMPTY_BODY = YES;
				CLANG_WARN_ENUM_CONVERSION = YES;
				CLANG_WARN_INFINITE_RECURSION = YES;
				CLANG_WARN_INT_CONVERSION = YES;
				CLANG_WARN_NON_LITERAL_NULL_CONVERSION = YES;
				CLANG_WARN_OBJC_IMPLICIT_RETAIN_SELF = YES;
				CLANG_WARN_OBJC_LITERAL_CONVERSION = YES;
				CLANG_WARN_OBJC_ROOT_CLASS = YES_ERROR;
				CLANG_WARN_QUOTED_INCLUDE_IN_FRAMEWORK_HEADER = YES;
				CLANG_WARN_RANGE_LOOP_ANALYSIS = YES;
				CLANG_WARN_STRICT_PROTOTYPES = YES;
				CLANG_WARN_SUSPICIOUS_MOVE = YES;
				CLANG_WARN_UNGUARDED_AVAILABILITY = YES_AGGRESSIVE;
				CLANG_WARN_UNREACHABLE_CODE = YES;
				CLANG_WARN__DUPLICATE_METHOD_MATCH = YES;
				COPY_PHASE_STRIP = NO;
				DEBUG_INFORMATION_FORMAT = dwarf;
				ENABLE_STRICT_OBJC_MSGSEND = YES;
				ENABLE_TESTABILITY = YES;
				GCC_C_LANGUAGE_STANDARD = gnu11;
				GCC_DYNAMIC_NO_PIC = NO;
				GCC_NO_COMMON_BLOCKS = YES;
				GCC_OPTIMIZATION_LEVEL = 0;
				GCC_PREPROCESSOR_DEFINITIONS = (
					"DEBUG=1",
					"$(inherited)",
				);
				GCC_WARN_64_TO_32_BIT_CONVERSION = YES;
				GCC_WARN_ABOUT_RETURN_TYPE = YES_ERROR;
				GCC_WARN_UNDECLARED_SELECTOR = YES;
				GCC_WARN_UNINITIALIZED_AUTOS = YES_AGGRESSIVE;
				GCC_WARN_UNUSED_FUNCTION = YES;
				GCC_WARN_UNUSED_VARIABLE = YES;
				IPHONEOS_DEPLOYMENT_TARGET = 16.1;
				MTL_ENABLE_DEBUG_INFO = INCLUDE_SOURCE;
				MTL_FAST_MATH = YES;
				ONLY_ACTIVE_ARCH = YES;
				SDKROOT = iphoneos;
				SWIFT_ACTIVE_COMPILATION_CONDITIONS = DEBUG;
				SWIFT_OPTIMIZATION_LEVEL = "-Onone";
			};
			name = Debug;
		};
		8615E3FD29D134540083E7D6 /* Release */ = {
			isa = XCBuildConfiguration;
			buildSettings = {
				ALWAYS_SEARCH_USER_PATHS = NO;
				CLANG_ANALYZER_NONNULL = YES;
				CLANG_ANALYZER_NUMBER_OBJECT_CONVERSION = YES_AGGRESSIVE;
				CLANG_CXX_LANGUAGE_STANDARD = "gnu++20";
				CLANG_ENABLE_MODULES = YES;
				CLANG_ENABLE_OBJC_ARC = YES;
				CLANG_ENABLE_OBJC_WEAK = YES;
				CLANG_WARN_BLOCK_CAPTURE_AUTORELEASING = YES;
				CLANG_WARN_BOOL_CONVERSION = YES;
				CLANG_WARN_COMMA = YES;
				CLANG_WARN_CONSTANT_CONVERSION = YES;
				CLANG_WARN_DEPRECATED_OBJC_IMPLEMENTATIONS = YES;
				CLANG_WARN_DIRECT_OBJC_ISA_USAGE = YES_ERROR;
				CLANG_WARN_DOCUMENTATION_COMMENTS = YES;
				CLANG_WARN_EMPTY_BODY = YES;
				CLANG_WARN_ENUM_CONVERSION = YES;
				CLANG_WARN_INFINITE_RECURSION = YES;
				CLANG_WARN_INT_CONVERSION = YES;
				CLANG_WARN_NON_LITERAL_NULL_CONVERSION = YES;
				CLANG_WARN_OBJC_IMPLICIT_RETAIN_SELF = YES;
				CLANG_WARN_OBJC_LITERAL_CONVERSION = YES;
				CLANG_WARN_OBJC_ROOT_CLASS = YES_ERROR;
				CLANG_WARN_QUOTED_INCLUDE_IN_FRAMEWORK_HEADER = YES;
				CLANG_WARN_RANGE_LOOP_ANALYSIS = YES;
				CLANG_WARN_STRICT_PROTOTYPES = YES;
				CLANG_WARN_SUSPICIOUS_MOVE = YES;
				CLANG_WARN_UNGUARDED_AVAILABILITY = YES_AGGRESSIVE;
				CLANG_WARN_UNREACHABLE_CODE = YES;
				CLANG_WARN__DUPLICATE_METHOD_MATCH = YES;
				COPY_PHASE_STRIP = NO;
				DEBUG_INFORMATION_FORMAT = "dwarf-with-dsym";
				ENABLE_NS_ASSERTIONS = NO;
				ENABLE_STRICT_OBJC_MSGSEND = YES;
				GCC_C_LANGUAGE_STANDARD = gnu11;
				GCC_NO_COMMON_BLOCKS = YES;
				GCC_WARN_64_TO_32_BIT_CONVERSION = YES;
				GCC_WARN_ABOUT_RETURN_TYPE = YES_ERROR;
				GCC_WARN_UNDECLARED_SELECTOR = YES;
				GCC_WARN_UNINITIALIZED_AUTOS = YES_AGGRESSIVE;
				GCC_WARN_UNUSED_FUNCTION = YES;
				GCC_WARN_UNUSED_VARIABLE = YES;
				IPHONEOS_DEPLOYMENT_TARGET = 16.1;
				MTL_ENABLE_DEBUG_INFO = NO;
				MTL_FAST_MATH = YES;
				SDKROOT = iphoneos;
				SWIFT_COMPILATION_MODE = wholemodule;
				SWIFT_OPTIMIZATION_LEVEL = "-O";
				VALIDATE_PRODUCT = YES;
			};
			name = Release;
		};
		8615E3FF29D134540083E7D6 /* Debug */ = {
			isa = XCBuildConfiguration;
			buildSettings = {
				ASSETCATALOG_COMPILER_APPICON_NAME = AppIcon;
				ASSETCATALOG_COMPILER_GLOBAL_ACCENT_COLOR_NAME = AccentColor;
				CODE_SIGN_STYLE = Automatic;
				CURRENT_PROJECT_VERSION = 1;
				GENERATE_INFOPLIST_FILE = YES;
				INFOPLIST_FILE = "ice-8/Info.plist";
				INFOPLIST_KEY_UIApplicationSupportsIndirectInputEvents = YES;
				INFOPLIST_KEY_UILaunchStoryboardName = LaunchScreen;
				INFOPLIST_KEY_UIMainStoryboardFile = Main;
				INFOPLIST_KEY_UISupportedInterfaceOrientations_iPad = "UIInterfaceOrientationPortrait UIInterfaceOrientationPortraitUpsideDown UIInterfaceOrientationLandscapeLeft UIInterfaceOrientationLandscapeRight";
				INFOPLIST_KEY_UISupportedInterfaceOrientations_iPhone = "UIInterfaceOrientationPortrait UIInterfaceOrientationLandscapeLeft UIInterfaceOrientationLandscapeRight";
				LD_RUNPATH_SEARCH_PATHS = (
					"$(inherited)",
					"@executable_path/Frameworks",
				);
				MARKETING_VERSION = 1.0;
				PRODUCT_BUNDLE_IDENTIFIER = "YatManChan.ice-8";
				PRODUCT_NAME = "$(TARGET_NAME)";
				SWIFT_EMIT_LOC_STRINGS = YES;
				SWIFT_VERSION = 5.0;
				TARGETED_DEVICE_FAMILY = "1,2";
			};
			name = Debug;
		};
		8615E40029D134540083E7D6 /* Release */ = {
			isa = XCBuildConfiguration;
			buildSettings = {
				ASSETCATALOG_COMPILER_APPICON_NAME = AppIcon;
				ASSETCATALOG_COMPILER_GLOBAL_ACCENT_COLOR_NAME = AccentColor;
				CODE_SIGN_STYLE = Automatic;
				CURRENT_PROJECT_VERSION = 1;
				GENERATE_INFOPLIST_FILE = YES;
				INFOPLIST_FILE = "ice-8/Info.plist";
				INFOPLIST_KEY_UIApplicationSupportsIndirectInputEvents = YES;
				INFOPLIST_KEY_UILaunchStoryboardName = LaunchScreen;
				INFOPLIST_KEY_UIMainStoryboardFile = Main;
				INFOPLIST_KEY_UISupportedInterfaceOrientations_iPad = "UIInterfaceOrientationPortrait UIInterfaceOrientationPortraitUpsideDown UIInterfaceOrientationLandscapeLeft UIInterfaceOrientationLandscapeRight";
				INFOPLIST_KEY_UISupportedInterfaceOrientations_iPhone = "UIInterfaceOrientationPortrait UIInterfaceOrientationLandscapeLeft UIInterfaceOrientationLandscapeRight";
				LD_RUNPATH_SEARCH_PATHS = (
					"$(inherited)",
					"@executable_path/Frameworks",
				);
				MARKETING_VERSION = 1.0;
				PRODUCT_BUNDLE_IDENTIFIER = "YatManChan.ice-8";
				PRODUCT_NAME = "$(TARGET_NAME)";
				SWIFT_EMIT_LOC_STRINGS = YES;
				SWIFT_VERSION = 5.0;
				TARGETED_DEVICE_FAMILY = "1,2";
			};
			name = Release;
		};
/* End XCBuildConfiguration section */

/* Begin XCConfigurationList section */
		8615E3E529D134520083E7D6 /* Build configuration list for PBXProject "ice-8" */ = {
			isa = XCConfigurationList;
			buildConfigurations = (
				8615E3FC29D134540083E7D6 /* Debug */,
				8615E3FD29D134540083E7D6 /* Release */,
			);
			defaultConfigurationIsVisible = 0;
			defaultConfigurationName = Release;
		};
		8615E3FE29D134540083E7D6 /* Build configuration list for PBXNativeTarget "ice-8" */ = {
			isa = XCConfigurationList;
			buildConfigurations = (
				8615E3FF29D134540083E7D6 /* Debug */,
				8615E40029D134540083E7D6 /* Release */,
			);
			defaultConfigurationIsVisible = 0;
			defaultConfigurationName = Release;
		};
/* End XCConfigurationList section */
	};
	rootObject = 8615E3E229D134520083E7D6 /* Project object */;
}
